
Microsoft Visual Studio Solution File, Format Version 12.00
# Visual Studio 14
VisualStudioVersion = 14.0.25420.1
MinimumVisualStudioVersion = 10.0.40219.1
Project("{FAE04EC0-301F-11D3-BF4B-00C04F79EFBC}") = "Calculator", "Calculator\Calculator.csproj", "{3EB1DAFB-7305-4207-93C0-A2C545338DCF}"
EndProject
Project("{8BC9CEB8-8B4A-11D0-8D11-00A0C91BC942}") = "Calculator_cpp", "Calculator_cpp\Calculator_cpp.vcxproj", "{FE14DE35-AA88-49CB-A8DD-EEC2D46BEFC6}"
EndProject
Project("{8BC9CEB8-8B4A-11D0-8D11-00A0C91BC942}") = "CLR_link", "CLR_link\CLR_link.vcxproj", "{59AE6146-F89B-476C-9759-958AED4BCA69}"
EndProject
Global
	GlobalSection(SolutionConfigurationPlatforms) = preSolution
		Debug|Any CPU = Debug|Any CPU
		Debug|x64 = Debug|x64
		Debug|x86 = Debug|x86
		Release|Any CPU = Release|Any CPU
		Release|x64 = Release|x64
		Release|x86 = Release|x86
	EndGlobalSection
	GlobalSection(ProjectConfigurationPlatforms) = postSolution
		{3EB1DAFB-7305-4207-93C0-A2C545338DCF}.Debug|Any CPU.ActiveCfg = Debug|Any CPU
		{3EB1DAFB-7305-4207-93C0-A2C545338DCF}.Debug|Any CPU.Build.0 = Debug|Any CPU
		{3EB1DAFB-7305-4207-93C0-A2C545338DCF}.Debug|x64.ActiveCfg = Debug|Any CPU
		{3EB1DAFB-7305-4207-93C0-A2C545338DCF}.Debug|x64.Build.0 = Debug|Any CPU
		{3EB1DAFB-7305-4207-93C0-A2C545338DCF}.Debug|x86.ActiveCfg = Debug|Any CPU
		{3EB1DAFB-7305-4207-93C0-A2C545338DCF}.Debug|x86.Build.0 = Debug|Any CPU
		{3EB1DAFB-7305-4207-93C0-A2C545338DCF}.Release|Any CPU.ActiveCfg = Release|Any CPU
		{3EB1DAFB-7305-4207-93C0-A2C545338DCF}.Release|Any CPU.Build.0 = Release|Any CPU
		{3EB1DAFB-7305-4207-93C0-A2C545338DCF}.Release|x64.ActiveCfg = Release|Any CPU
		{3EB1DAFB-7305-4207-93C0-A2C545338DCF}.Release|x64.Build.0 = Release|Any CPU
		{3EB1DAFB-7305-4207-93C0-A2C545338DCF}.Release|x86.ActiveCfg = Release|Any CPU
		{3EB1DAFB-7305-4207-93C0-A2C545338DCF}.Release|x86.Build.0 = Release|Any CPU
		{FE14DE35-AA88-49CB-A8DD-EEC2D46BEFC6}.Debug|Any CPU.ActiveCfg = Debug|Win32
		{FE14DE35-AA88-49CB-A8DD-EEC2D46BEFC6}.Debug|x64.ActiveCfg = Debug|x64
		{FE14DE35-AA88-49CB-A8DD-EEC2D46BEFC6}.Debug|x64.Build.0 = Debug|x64
		{FE14DE35-AA88-49CB-A8DD-EEC2D46BEFC6}.Debug|x86.ActiveCfg = Debug|Win32
		{FE14DE35-AA88-49CB-A8DD-EEC2D46BEFC6}.Debug|x86.Build.0 = Debug|Win32
		{FE14DE35-AA88-49CB-A8DD-EEC2D46BEFC6}.Release|Any CPU.ActiveCfg = Release|Win32
		{FE14DE35-AA88-49CB-A8DD-EEC2D46BEFC6}.Release|x64.ActiveCfg = Release|x64
		{FE14DE35-AA88-49CB-A8DD-EEC2D46BEFC6}.Release|x64.Build.0 = Release|x64
		{FE14DE35-AA88-49CB-A8DD-EEC2D46BEFC6}.Release|x86.ActiveCfg = Release|Win32
		{FE14DE35-AA88-49CB-A8DD-EEC2D46BEFC6}.Release|x86.Build.0 = Release|Win32
		{59AE6146-F89B-476C-9759-958AED4BCA69}.Debug|Any CPU.ActiveCfg = Debug|Win32
		{59AE6146-F89B-476C-9759-958AED4BCA69}.Debug|x64.ActiveCfg = Debug|x64
		{59AE6146-F89B-476C-9759-958AED4BCA69}.Debug|x64.Build.0 = Debug|x64
		{59AE6146-F89B-476C-9759-958AED4BCA69}.Debug|x86.ActiveCfg = Debug|Win32
		{59AE6146-F89B-476C-9759-958AED4BCA69}.Debug|x86.Build.0 = Debug|Win32
		{59AE6146-F89B-476C-9759-958AED4BCA69}.Release|Any CPU.ActiveCfg = Release|Win32
		{59AE6146-F89B-476C-9759-958AED4BCA69}.Release|x64.ActiveCfg = Release|x64
		{59AE6146-F89B-476C-9759-958AED4BCA69}.Release|x64.Build.0 = Release|x64
		{59AE6146-F89B-476C-9759-958AED4BCA69}.Release|x86.ActiveCfg = Release|Win32
		{59AE6146-F89B-476C-9759-958AED4BCA69}.Release|x86.Build.0 = Release|Win32
	EndGlobalSection
	GlobalSection(SolutionProperties) = preSolution
		HideSolutionNode = FALSE
	EndGlobalSection
EndGlobal
